// !$*UTF8*$!
{
	archiveVersion = 1;
	classes = {
	};
	objectVersion = 46;
	objects = {

/* Begin PBXBuildFile section */
		D60FEB871D69A99C00E3D7F2 /* AppDelegate.swift in Sources */ = {isa = PBXBuildFile; fileRef = D60FEB861D69A99C00E3D7F2 /* AppDelegate.swift */; };
		D60FEB891D69A99C00E3D7F2 /* CameraViewController.swift in Sources */ = {isa = PBXBuildFile; fileRef = D60FEB881D69A99C00E3D7F2 /* CameraViewController.swift */; };
		D60FEB8C1D69A99C00E3D7F2 /* Main.storyboard in Resources */ = {isa = PBXBuildFile; fileRef = D60FEB8A1D69A99C00E3D7F2 /* Main.storyboard */; };
		D60FEB8E1D69A99C00E3D7F2 /* Assets.xcassets in Resources */ = {isa = PBXBuildFile; fileRef = D60FEB8D1D69A99C00E3D7F2 /* Assets.xcassets */; };
		D60FEB911D69A99C00E3D7F2 /* LaunchScreen.storyboard in Resources */ = {isa = PBXBuildFile; fileRef = D60FEB8F1D69A99C00E3D7F2 /* LaunchScreen.storyboard */; };
		D60FEB991D69AE5D00E3D7F2 /* AVFoundation.framework in Frameworks */ = {isa = PBXBuildFile; fileRef = D60FEB981D69AE5D00E3D7F2 /* AVFoundation.framework */; };
		D60FEB9B1D69B85500E3D7F2 /* CoreVideo.framework in Frameworks */ = {isa = PBXBuildFile; fileRef = D60FEB9A1D69B85500E3D7F2 /* CoreVideo.framework */; };
		D659CAA21D69CE6500509DE4 /* CoreGraphics.framework in Frameworks */ = {isa = PBXBuildFile; fileRef = D659CAA11D69CE6500509DE4 /* CoreGraphics.framework */; };
		D690B24B1D6A12A000F0760D /* ImageViewController.swift in Sources */ = {isa = PBXBuildFile; fileRef = D690B24A1D6A12A000F0760D /* ImageViewController.swift */; };
		D69733C91D8042A30035F833 /* CameraController.swift in Sources */ = {isa = PBXBuildFile; fileRef = D69733C81D8042A30035F833 /* CameraController.swift */; };
		D69733CB1D8048EB0035F833 /* ImageProcessor.swift in Sources */ = {isa = PBXBuildFile; fileRef = D69733CA1D8048EB0035F833 /* ImageProcessor.swift */; };
		D69733CD1D8049420035F833 /* StripProcessor.swift in Sources */ = {isa = PBXBuildFile; fileRef = D69733CC1D8049420035F833 /* StripProcessor.swift */; };
		D6E9BFEF1D80615600A4029B /* CaptureProcessor.swift in Sources */ = {isa = PBXBuildFile; fileRef = D6E9BFEE1D80615600A4029B /* CaptureProcessor.swift */; };
		D6E9BFF11D80639400A4029B /* StripCaptureProcessor.swift in Sources */ = {isa = PBXBuildFile; fileRef = D6E9BFF01D80639400A4029B /* StripCaptureProcessor.swift */; };
		D6E9BFF31D809C5100A4029B /* README.md in Sources */ = {isa = PBXBuildFile; fileRef = D6E9BFF21D809C5100A4029B /* README.md */; };
/* End PBXBuildFile section */

/* Begin PBXFileReference section */
		D60FEB831D69A99900E3D7F2 /* GarbageCam.app */ = {isa = PBXFileReference; explicitFileType = wrapper.application; includeInIndex = 0; path = GarbageCam.app; sourceTree = BUILT_PRODUCTS_DIR; };
		D60FEB861D69A99C00E3D7F2 /* AppDelegate.swift */ = {isa = PBXFileReference; lastKnownFileType = sourcecode.swift; path = AppDelegate.swift; sourceTree = "<group>"; };
		D60FEB881D69A99C00E3D7F2 /* CameraViewController.swift */ = {isa = PBXFileReference; lastKnownFileType = sourcecode.swift; path = CameraViewController.swift; sourceTree = "<group>"; };
		D60FEB8B1D69A99C00E3D7F2 /* Base */ = {isa = PBXFileReference; lastKnownFileType = file.storyboard; name = Base; path = Base.lproj/Main.storyboard; sourceTree = "<group>"; };
		D60FEB8D1D69A99C00E3D7F2 /* Assets.xcassets */ = {isa = PBXFileReference; lastKnownFileType = folder.assetcatalog; path = Assets.xcassets; sourceTree = "<group>"; };
		D60FEB901D69A99C00E3D7F2 /* Base */ = {isa = PBXFileReference; lastKnownFileType = file.storyboard; name = Base; path = Base.lproj/LaunchScreen.storyboard; sourceTree = "<group>"; };
		D60FEB921D69A99C00E3D7F2 /* Info.plist */ = {isa = PBXFileReference; lastKnownFileType = text.plist.xml; path = Info.plist; sourceTree = "<group>"; };
		D60FEB981D69AE5D00E3D7F2 /* AVFoundation.framework */ = {isa = PBXFileReference; lastKnownFileType = wrapper.framework; name = AVFoundation.framework; path = System/Library/Frameworks/AVFoundation.framework; sourceTree = SDKROOT; };
		D60FEB9A1D69B85500E3D7F2 /* CoreVideo.framework */ = {isa = PBXFileReference; lastKnownFileType = wrapper.framework; name = CoreVideo.framework; path = System/Library/Frameworks/CoreVideo.framework; sourceTree = SDKROOT; };
		D659CAA11D69CE6500509DE4 /* CoreGraphics.framework */ = {isa = PBXFileReference; lastKnownFileType = wrapper.framework; name = CoreGraphics.framework; path = System/Library/Frameworks/CoreGraphics.framework; sourceTree = SDKROOT; };
		D690B24A1D6A12A000F0760D /* ImageViewController.swift */ = {isa = PBXFileReference; fileEncoding = 4; lastKnownFileType = sourcecode.swift; path = ImageViewController.swift; sourceTree = "<group>"; };
		D69733C81D8042A30035F833 /* CameraController.swift */ = {isa = PBXFileReference; fileEncoding = 4; lastKnownFileType = sourcecode.swift; path = CameraController.swift; sourceTree = "<group>"; };
		D69733CA1D8048EB0035F833 /* ImageProcessor.swift */ = {isa = PBXFileReference; fileEncoding = 4; lastKnownFileType = sourcecode.swift; path = ImageProcessor.swift; sourceTree = "<group>"; };
		D69733CC1D8049420035F833 /* StripProcessor.swift */ = {isa = PBXFileReference; fileEncoding = 4; lastKnownFileType = sourcecode.swift; path = StripProcessor.swift; sourceTree = "<group>"; };
		D6E9BFEE1D80615600A4029B /* CaptureProcessor.swift */ = {isa = PBXFileReference; fileEncoding = 4; lastKnownFileType = sourcecode.swift; path = CaptureProcessor.swift; sourceTree = "<group>"; };
		D6E9BFF01D80639400A4029B /* StripCaptureProcessor.swift */ = {isa = PBXFileReference; fileEncoding = 4; lastKnownFileType = sourcecode.swift; path = StripCaptureProcessor.swift; sourceTree = "<group>"; };
		D6E9BFF21D809C5100A4029B /* README.md */ = {isa = PBXFileReference; fileEncoding = 4; lastKnownFileType = net.daringfireball.markdown; path = README.md; sourceTree = "<group>"; };
/* End PBXFileReference section */

/* Begin PBXFrameworksBuildPhase section */
		D60FEB801D69A99900E3D7F2 /* Frameworks */ = {
			isa = PBXFrameworksBuildPhase;
			buildActionMask = 2147483647;
			files = (
				D659CAA21D69CE6500509DE4 /* CoreGraphics.framework in Frameworks */,
				D60FEB9B1D69B85500E3D7F2 /* CoreVideo.framework in Frameworks */,
				D60FEB991D69AE5D00E3D7F2 /* AVFoundation.framework in Frameworks */,
			);
			runOnlyForDeploymentPostprocessing = 0;
		};
/* End PBXFrameworksBuildPhase section */

/* Begin PBXGroup section */
		D60FEB7A1D69A99900E3D7F2 = {
			isa = PBXGroup;
			children = (
				D659CAA11D69CE6500509DE4 /* CoreGraphics.framework */,
				D60FEB9A1D69B85500E3D7F2 /* CoreVideo.framework */,
				D60FEB981D69AE5D00E3D7F2 /* AVFoundation.framework */,
				D60FEB851D69A99C00E3D7F2 /* GarbageCam */,
				D60FEB841D69A99900E3D7F2 /* Products */,
			);
			sourceTree = "<group>";
		};
		D60FEB841D69A99900E3D7F2 /* Products */ = {
			isa = PBXGroup;
			children = (
				D60FEB831D69A99900E3D7F2 /* GarbageCam.app */,
			);
			name = Products;
			sourceTree = "<group>";
		};
		D60FEB851D69A99C00E3D7F2 /* GarbageCam */ = {
			isa = PBXGroup;
			children = (
				D60FEB861D69A99C00E3D7F2 /* AppDelegate.swift */,
				D60FEB881D69A99C00E3D7F2 /* CameraViewController.swift */,
				D60FEB8A1D69A99C00E3D7F2 /* Main.storyboard */,
				D60FEB8D1D69A99C00E3D7F2 /* Assets.xcassets */,
				D60FEB8F1D69A99C00E3D7F2 /* LaunchScreen.storyboard */,
				D60FEB921D69A99C00E3D7F2 /* Info.plist */,
				D690B24A1D6A12A000F0760D /* ImageViewController.swift */,
				D69733C81D8042A30035F833 /* CameraController.swift */,
				D69733CA1D8048EB0035F833 /* ImageProcessor.swift */,
				D69733CC1D8049420035F833 /* StripProcessor.swift */,
				D6E9BFEE1D80615600A4029B /* CaptureProcessor.swift */,
				D6E9BFF01D80639400A4029B /* StripCaptureProcessor.swift */,
				D6E9BFF21D809C5100A4029B /* README.md */,
			);
			path = GarbageCam;
			sourceTree = "<group>";
		};
/* End PBXGroup section */

/* Begin PBXNativeTarget section */
		D60FEB821D69A99900E3D7F2 /* GarbageCam */ = {
			isa = PBXNativeTarget;
			buildConfigurationList = D60FEB951D69A99C00E3D7F2 /* Build configuration list for PBXNativeTarget "GarbageCam" */;
			buildPhases = (
				D60FEB7F1D69A99900E3D7F2 /* Sources */,
				D60FEB801D69A99900E3D7F2 /* Frameworks */,
				D60FEB811D69A99900E3D7F2 /* Resources */,
			);
			buildRules = (
			);
			dependencies = (
			);
			name = GarbageCam;
			productName = GarbageCam;
			productReference = D60FEB831D69A99900E3D7F2 /* GarbageCam.app */;
			productType = "com.apple.product-type.application";
		};
/* End PBXNativeTarget section */

/* Begin PBXProject section */
		D60FEB7B1D69A99900E3D7F2 /* Project object */ = {
			isa = PBXProject;
			attributes = {
				LastSwiftUpdateCheck = 0730;
				LastUpgradeCheck = 0730;
				ORGANIZATIONNAME = "Esten Hurtle";
				TargetAttributes = {
					D60FEB821D69A99900E3D7F2 = {
						CreatedOnToolsVersion = 7.3.1;
						DevelopmentTeam = HES75F3C63;
					};
				};
			};
			buildConfigurationList = D60FEB7E1D69A99900E3D7F2 /* Build configuration list for PBXProject "GarbageCam" */;
			compatibilityVersion = "Xcode 3.2";
			developmentRegion = English;
			hasScannedForEncodings = 0;
			knownRegions = (
				en,
				Base,
			);
			mainGroup = D60FEB7A1D69A99900E3D7F2;
			productRefGroup = D60FEB841D69A99900E3D7F2 /* Products */;
			projectDirPath = "";
			projectRoot = "";
			targets = (
				D60FEB821D69A99900E3D7F2 /* GarbageCam */,
			);
		};
/* End PBXProject section */

/* Begin PBXResourcesBuildPhase section */
		D60FEB811D69A99900E3D7F2 /* Resources */ = {
			isa = PBXResourcesBuildPhase;
			buildActionMask = 2147483647;
			files = (
				D60FEB911D69A99C00E3D7F2 /* LaunchScreen.storyboard in Resources */,
				D60FEB8E1D69A99C00E3D7F2 /* Assets.xcassets in Resources */,
				D60FEB8C1D69A99C00E3D7F2 /* Main.storyboard in Resources */,
			);
			runOnlyForDeploymentPostprocessing = 0;
		};
/* End PBXResourcesBuildPhase section */

/* Begin PBXSourcesBuildPhase section */
		D60FEB7F1D69A99900E3D7F2 /* Sources */ = {
			isa = PBXSourcesBuildPhase;
			buildActionMask = 2147483647;
			files = (
				D60FEB891D69A99C00E3D7F2 /* CameraViewController.swift in Sources */,
				D6E9BFEF1D80615600A4029B /* CaptureProcessor.swift in Sources */,
				D690B24B1D6A12A000F0760D /* ImageViewController.swift in Sources */,
				D69733CB1D8048EB0035F833 /* ImageProcessor.swift in Sources */,
				D6E9BFF11D80639400A4029B /* StripCaptureProcessor.swift in Sources */,
				D69733CD1D8049420035F833 /* StripProcessor.swift in Sources */,
				D6E9BFF31D809C5100A4029B /* README.md in Sources */,
				D69733C91D8042A30035F833 /* CameraController.swift in Sources */,
				D60FEB871D69A99C00E3D7F2 /* AppDelegate.swift in Sources */,
			);
			runOnlyForDeploymentPostprocessing = 0;
		};
/* End PBXSourcesBuildPhase section */

/* Begin PBXVariantGroup section */
		D60FEB8A1D69A99C00E3D7F2 /* Main.storyboard */ = {
			isa = PBXVariantGroup;
			children = (
				D60FEB8B1D69A99C00E3D7F2 /* Base */,
			);
			name = Main.storyboard;
			sourceTree = "<group>";
		};
		D60FEB8F1D69A99C00E3D7F2 /* LaunchScreen.storyboard */ = {
			isa = PBXVariantGroup;
			children = (
				D60FEB901D69A99C00E3D7F2 /* Base */,
			);
			name = LaunchScreen.storyboard;
			sourceTree = "<group>";
		};
/* End PBXVariantGroup section */

/* Begin XCBuildConfiguration section */
		D60FEB931D69A99C00E3D7F2 /* Debug */ = {
			isa = XCBuildConfiguration;
			buildSettings = {
				ALWAYS_SEARCH_USER_PATHS = NO;
				CLANG_ANALYZER_NONNULL = YES;
				CLANG_CXX_LANGUAGE_STANDARD = "gnu++0x";
				CLANG_CXX_LIBRARY = "libc++";
				CLANG_ENABLE_MODULES = YES;
				CLANG_ENABLE_OBJC_ARC = YES;
				CLANG_WARN_BOOL_CONVERSION = YES;
				CLANG_WARN_CONSTANT_CONVERSION = YES;
				CLANG_WARN_DIRECT_OBJC_ISA_USAGE = YES_ERROR;
				CLANG_WARN_EMPTY_BODY = YES;
				CLANG_WARN_ENUM_CONVERSION = YES;
				CLANG_WARN_INT_CONVERSION = YES;
				CLANG_WARN_OBJC_ROOT_CLASS = YES_ERROR;
				CLANG_WARN_UNREACHABLE_CODE = YES;
				CLANG_WARN__DUPLICATE_METHOD_MATCH = YES;
				"CODE_SIGN_IDENTITY[sdk=iphoneos*]" = "iPhone Developer";
				COPY_PHASE_STRIP = NO;
				DEBUG_INFORMATION_FORMAT = dwarf;
				ENABLE_STRICT_OBJC_MSGSEND = YES;
				ENABLE_TESTABILITY = YES;
				GCC_C_LANGUAGE_STANDARD = gnu99;
				GCC_DYNAMIC_NO_PIC = NO;
				GCC_NO_COMMON_BLOCKS = YES;
				GCC_OPTIMIZATION_LEVEL = 0;
				GCC_PREPROCESSOR_DEFINITIONS = (
					"DEBUG=1",
					"$(inherited)",
				);
				GCC_WARN_64_TO_32_BIT_CONVERSION = YES;
				GCC_WARN_ABOUT_RETURN_TYPE = YES_ERROR;
				GCC_WARN_UNDECLARED_SELECTOR = YES;
				GCC_WARN_UNINITIALIZED_AUTOS = YES_AGGRESSIVE;
				GCC_WARN_UNUSED_FUNCTION = YES;
				GCC_WARN_UNUSED_VARIABLE = YES;
				IPHONEOS_DEPLOYMENT_TARGET = 9.3;
				MTL_ENABLE_DEBUG_INFO = YES;
				ONLY_ACTIVE_ARCH = YES;
				SDKROOT = iphoneos;
				SWIFT_OPTIMIZATION_LEVEL = "-Onone";
			};
			name = Debug;
		};
		D60FEB941D69A99C00E3D7F2 /* Release */ = {
			isa = XCBuildConfiguration;
			buildSettings = {
				ALWAYS_SEARCH_USER_PATHS = NO;
				CLANG_ANALYZER_NONNULL = YES;
				CLANG_CXX_LANGUAGE_STANDARD = "gnu++0x";
				CLANG_CXX_LIBRARY = "libc++";
				CLANG_ENABLE_MODULES = YES;
				CLANG_ENABLE_OBJC_ARC = YES;
				CLANG_WARN_BOOL_CONVERSION = YES;
				CLANG_WARN_CONSTANT_CONVERSION = YES;
				CLANG_WARN_DIRECT_OBJC_ISA_USAGE = YES_ERROR;
				CLANG_WARN_EMPTY_BODY = YES;
				CLANG_WARN_ENUM_CONVERSION = YES;
				CLANG_WARN_INT_CONVERSION = YES;
				CLANG_WARN_OBJC_ROOT_CLASS = YES_ERROR;
				CLANG_WARN_UNREACHABLE_CODE = YES;
				CLANG_WARN__DUPLICATE_METHOD_MATCH = YES;
				"CODE_SIGN_IDENTITY[sdk=iphoneos*]" = "iPhone Developer";
				COPY_PHASE_STRIP = NO;
				DEBUG_INFORMATION_FORMAT = "dwarf-with-dsym";
				ENABLE_NS_ASSERTIONS = NO;
				ENABLE_STRICT_OBJC_MSGSEND = YES;
				GCC_C_LANGUAGE_STANDARD = gnu99;
				GCC_NO_COMMON_BLOCKS = YES;
				GCC_WARN_64_TO_32_BIT_CONVERSION = YES;
				GCC_WARN_ABOUT_RETURN_TYPE = YES_ERROR;
				GCC_WARN_UNDECLARED_SELECTOR = YES;
				GCC_WARN_UNINITIALIZED_AUTOS = YES_AGGRESSIVE;
				GCC_WARN_UNUSED_FUNCTION = YES;
				GCC_WARN_UNUSED_VARIABLE = YES;
				IPHONEOS_DEPLOYMENT_TARGET = 9.3;
				MTL_ENABLE_DEBUG_INFO = NO;
				SDKROOT = iphoneos;
				VALIDATE_PRODUCT = YES;
			};
			name = Release;
		};
		D60FEB961D69A99C00E3D7F2 /* Debug */ = {
			isa = XCBuildConfiguration;
			buildSettings = {
				ASSETCATALOG_COMPILER_APPICON_NAME = AppIcon;
				CODE_SIGN_IDENTITY = "iPhone Developer";
				"CODE_SIGN_IDENTITY[sdk=iphoneos*]" = "iPhone Developer";
				INFOPLIST_FILE = GarbageCam/Info.plist;
				LD_RUNPATH_SEARCH_PATHS = "$(inherited) @executable_path/Frameworks";
				PRODUCT_BUNDLE_IDENTIFIER = com.estenhurtle.garbageCam;
				PRODUCT_NAME = GarbageCam;
				PROVISIONING_PROFILE = "";
			};
			name = Debug;
		};
		D60FEB971D69A99C00E3D7F2 /* Release */ = {
			isa = XCBuildConfiguration;
			buildSettings = {
				ASSETCATALOG_COMPILER_APPICON_NAME = AppIcon;
				CODE_SIGN_IDENTITY = "iPhone Developer";
				"CODE_SIGN_IDENTITY[sdk=iphoneos*]" = "iPhone Developer";
				INFOPLIST_FILE = GarbageCam/Info.plist;
				LD_RUNPATH_SEARCH_PATHS = "$(inherited) @executable_path/Frameworks";
				PRODUCT_BUNDLE_IDENTIFIER = com.estenhurtle.garbageCam;
				PRODUCT_NAME = GarbageCam;
				PROVISIONING_PROFILE = "";
			};
			name = Release;
		};
/* End XCBuildConfiguration section */

/* Begin XCConfigurationList section */
		D60FEB7E1D69A99900E3D7F2 /* Build configuration list for PBXProject "GarbageCam" */ = {
			isa = XCConfigurationList;
			buildConfigurations = (
				D60FEB931D69A99C00E3D7F2 /* Debug */,
				D60FEB941D69A99C00E3D7F2 /* Release */,
			);
			defaultConfigurationIsVisible = 0;
			defaultConfigurationName = Release;
		};
		D60FEB951D69A99C00E3D7F2 /* Build configuration list for PBXNativeTarget "GarbageCam" */ = {
			isa = XCConfigurationList;
			buildConfigurations = (
				D60FEB961D69A99C00E3D7F2 /* Debug */,
				D60FEB971D69A99C00E3D7F2 /* Release */,
			);
			defaultConfigurationIsVisible = 0;
			defaultConfigurationName = Release;
		};
/* End XCConfigurationList section */
	};
	rootObject = D60FEB7B1D69A99900E3D7F2 /* Project object */;
}
